# Dieses Lockfile ist absichtlich noch nicht freigegeben.
# Schritt 01 ersetzt alle TBD-Werte durch echte sha256-Digests, die gegen die
# jeweilige Plattform-Architektur geprüft wurden. Ein Tag allein ist kein Lock.
schemaVersion: 1
images:
  - name: artifactory
    source: releases-docker.jfrog.io/jfrog/artifactory-oss
    tag: 7.146.29
    digest: "TBD"
    target: registry.airgap.example:5000/mirror/jfrog/artifactory-oss
  - name: postgresql
    source: releases-docker.jfrog.io/bitnami/postgresql
    tag: "TBD"
    digest: "TBD"
    target: registry.airgap.example:5000/mirror/bitnami/postgresql
