# Freigabeobjekt für die vollständige Minimal-Plattform.
# Alle Versionen und Digests werden in Schritt 01 gefüllt und von einem zweiten
# Reviewer freigegeben. Auch die K3s-Bootstrap-Dateien sind Lieferartefakte.
schemaVersion: 1
bootstrap:
  k3s:
    version: TBD
    architecture: amd64
    binarySha256: TBD
    airgapImagesSha256: TBD
    installScriptSha256: TBD
  zot:
    version: TBD
    binarySha256: TBD
charts:
  - name: forgejo
    source: oci://code.forgejo.org/forgejo-helm/forgejo
    version: TBD
    digest: TBD
  - name: woodpecker
    source: oci://ghcr.io/woodpecker-ci/helm/woodpecker
    version: TBD
    digest: TBD
images: []
